// !$*UTF8*$!
{
	archiveVersion = 1;
	classes = {
	};
	objectVersion = 56;
	objects = {

/* Begin PBXBuildFile section */
		2F2D07A22AF0C09200FAB260 /* AppDelegate.swift in Sources */ = {isa = PBXBuildFile; fileRef = 2F2D07A12AF0C09200FAB260 /* AppDelegate.swift */; };
		2F2D07A42AF0C09200FAB260 /* SceneDelegate.swift in Sources */ = {isa = PBXBuildFile; fileRef = 2F2D07A32AF0C09200FAB260 /* SceneDelegate.swift */; };
		2F2D07A62AF0C09200FAB260 /* ViewController.swift in Sources */ = {isa = PBXBuildFile; fileRef = 2F2D07A52AF0C09200FAB260 /* ViewController.swift */; };
		2F2D07A92AF0C09200FAB260 /* Main.storyboard in Resources */ = {isa = PBXBuildFile; fileRef = 2F2D07A72AF0C09200FAB260 /* Main.storyboard */; };
		2F2D07AB2AF0C09300FAB260 /* Assets.xcassets in Resources */ = {isa = PBXBuildFile; fileRef = 2F2D07AA2AF0C09300FAB260 /* Assets.xcassets */; };
		2F2D07B72AF0C0B200FAB260 /* LazyImageView.swift in Sources */ = {isa = PBXBuildFile; fileRef = 2F2D07B62AF0C0B200FAB260 /* LazyImageView.swift */; };
		2F2D07BA2AF0C14100FAB260 /* GalleryTableViewCell.swift in Sources */ = {isa = PBXBuildFile; fileRef = 2F2D07B82AF0C14100FAB260 /* GalleryTableViewCell.swift */; };
		2F2D07BB2AF0C14100FAB260 /* GalleryTableViewCell.xib in Resources */ = {isa = PBXBuildFile; fileRef = 2F2D07B92AF0C14100FAB260 /* GalleryTableViewCell.xib */; };
		2F2D07BD2AF0C2FD00FAB260 /* AnimalResponse.swift in Sources */ = {isa = PBXBuildFile; fileRef = 2F2D07BC2AF0C2FD00FAB260 /* AnimalResponse.swift */; };
		2F2D07BF2AF0C4A200FAB260 /* AnimalResource.swift in Sources */ = {isa = PBXBuildFile; fileRef = 2F2D07BE2AF0C4A200FAB260 /* AnimalResource.swift */; };
		2FF223052AF66C180043FEC3 /* TableHeaderView.swift in Sources */ = {isa = PBXBuildFile; fileRef = 2FF223042AF66C180043FEC3 /* TableHeaderView.swift */; };
		2FF223072AF66C280043FEC3 /* TableHeaderView.xib in Resources */ = {isa = PBXBuildFile; fileRef = 2FF223062AF66C280043FEC3 /* TableHeaderView.xib */; };
/* End PBXBuildFile section */

/* Begin PBXFileReference section */
		2F2D079E2AF0C09200FAB260 /* LazyAnimalGallery.app */ = {isa = PBXFileReference; explicitFileType = wrapper.application; includeInIndex = 0; path = LazyAnimalGallery.app; sourceTree = BUILT_PRODUCTS_DIR; };
		2F2D07A12AF0C09200FAB260 /* AppDelegate.swift */ = {isa = PBXFileReference; lastKnownFileType = sourcecode.swift; path = AppDelegate.swift; sourceTree = "<group>"; };
		2F2D07A32AF0C09200FAB260 /* SceneDelegate.swift */ = {isa = PBXFileReference; lastKnownFileType = sourcecode.swift; path = SceneDelegate.swift; sourceTree = "<group>"; };
		2F2D07A52AF0C09200FAB260 /* ViewController.swift */ = {isa = PBXFileReference; lastKnownFileType = sourcecode.swift; path = ViewController.swift; sourceTree = "<group>"; };
		2F2D07A82AF0C09200FAB260 /* Base */ = {isa = PBXFileReference; lastKnownFileType = file.storyboard; name = Base; path = Base.lproj/Main.storyboard; sourceTree = "<group>"; };
		2F2D07AA2AF0C09300FAB260 /* Assets.xcassets */ = {isa = PBXFileReference; lastKnownFileType = folder.assetcatalog; path = Assets.xcassets; sourceTree = "<group>"; };
		2F2D07AF2AF0C09300FAB260 /* Info.plist */ = {isa = PBXFileReference; lastKnownFileType = text.plist.xml; path = Info.plist; sourceTree = "<group>"; };
		2F2D07B62AF0C0B200FAB260 /* LazyImageView.swift */ = {isa = PBXFileReference; lastKnownFileType = sourcecode.swift; path = LazyImageView.swift; sourceTree = "<group>"; };
		2F2D07B82AF0C14100FAB260 /* GalleryTableViewCell.swift */ = {isa = PBXFileReference; lastKnownFileType = sourcecode.swift; path = GalleryTableViewCell.swift; sourceTree = "<group>"; };
		2F2D07B92AF0C14100FAB260 /* GalleryTableViewCell.xib */ = {isa = PBXFileReference; lastKnownFileType = file.xib; path = GalleryTableViewCell.xib; sourceTree = "<group>"; };
		2F2D07BC2AF0C2FD00FAB260 /* AnimalResponse.swift */ = {isa = PBXFileReference; lastKnownFileType = sourcecode.swift; path = AnimalResponse.swift; sourceTree = "<group>"; };
		2F2D07BE2AF0C4A200FAB260 /* AnimalResource.swift */ = {isa = PBXFileReference; lastKnownFileType = sourcecode.swift; path = AnimalResource.swift; sourceTree = "<group>"; };
		2FF223042AF66C180043FEC3 /* TableHeaderView.swift */ = {isa = PBXFileReference; lastKnownFileType = sourcecode.swift; path = TableHeaderView.swift; sourceTree = "<group>"; };
		2FF223062AF66C280043FEC3 /* TableHeaderView.xib */ = {isa = PBXFileReference; lastKnownFileType = file.xib; path = TableHeaderView.xib; sourceTree = "<group>"; };
/* End PBXFileReference section */

/* Begin PBXFrameworksBuildPhase section */
		2F2D079B2AF0C09200FAB260 /* Frameworks */ = {
			isa = PBXFrameworksBuildPhase;
			buildActionMask = 2147483647;
			files = (
			);
			runOnlyForDeploymentPostprocessing = 0;
		};
/* End PBXFrameworksBuildPhase section */

/* Begin PBXGroup section */
		2F2D07952AF0C09200FAB260 = {
			isa = PBXGroup;
			children = (
				2F2D07A02AF0C09200FAB260 /* LazyAnimalGallery */,
				2F2D079F2AF0C09200FAB260 /* Products */,
			);
			sourceTree = "<group>";
		};
		2F2D079F2AF0C09200FAB260 /* Products */ = {
			isa = PBXGroup;
			children = (
				2F2D079E2AF0C09200FAB260 /* LazyAnimalGallery.app */,
			);
			name = Products;
			sourceTree = "<group>";
		};
		2F2D07A02AF0C09200FAB260 /* LazyAnimalGallery */ = {
			isa = PBXGroup;
			children = (
				2FF2230C2AF7758D0043FEC3 /* controller */,
				2FF2230B2AF775870043FEC3 /* view */,
				2FF2230A2AF775750043FEC3 /* modal */,
				2F2D07AA2AF0C09300FAB260 /* Assets.xcassets */,
				2F2D07AF2AF0C09300FAB260 /* Info.plist */,
			);
			path = LazyAnimalGallery;
			sourceTree = "<group>";
		};
		2F97E1802AF5F08100103BE4 /* TableViewCellGallery */ = {
			isa = PBXGroup;
			children = (
				2F2D07B82AF0C14100FAB260 /* GalleryTableViewCell.swift */,
				2F2D07B92AF0C14100FAB260 /* GalleryTableViewCell.xib */,
			);
			path = TableViewCellGallery;
			sourceTree = "<group>";
		};
		2FF223032AF66BDA0043FEC3 /* TableHeaderView */ = {
			isa = PBXGroup;
			children = (
				2FF223042AF66C180043FEC3 /* TableHeaderView.swift */,
				2FF223062AF66C280043FEC3 /* TableHeaderView.xib */,
			);
			path = TableHeaderView;
			sourceTree = "<group>";
		};
		2FF2230A2AF775750043FEC3 /* modal */ = {
			isa = PBXGroup;
			children = (
				2F2D07BC2AF0C2FD00FAB260 /* AnimalResponse.swift */,
				2F2D07BE2AF0C4A200FAB260 /* AnimalResource.swift */,
			);
			path = modal;
			sourceTree = "<group>";
		};
		2FF2230B2AF775870043FEC3 /* view */ = {
			isa = PBXGroup;
			children = (
				2F2D07A72AF0C09200FAB260 /* Main.storyboard */,
				2F2D07B62AF0C0B200FAB260 /* LazyImageView.swift */,
				2FF223032AF66BDA0043FEC3 /* TableHeaderView */,
				2F97E1802AF5F08100103BE4 /* TableViewCellGallery */,
			);
			path = view;
			sourceTree = "<group>";
		};
		2FF2230C2AF7758D0043FEC3 /* controller */ = {
			isa = PBXGroup;
			children = (
				2F2D07A12AF0C09200FAB260 /* AppDelegate.swift */,
				2F2D07A32AF0C09200FAB260 /* SceneDelegate.swift */,
				2F2D07A52AF0C09200FAB260 /* ViewController.swift */,
			);
			path = controller;
			sourceTree = "<group>";
		};
/* End PBXGroup section */

/* Begin PBXNativeTarget section */
		2F2D079D2AF0C09200FAB260 /* LazyAnimalGallery */ = {
			isa = PBXNativeTarget;
			buildConfigurationList = 2F2D07B22AF0C09300FAB260 /* Build configuration list for PBXNativeTarget "LazyAnimalGallery" */;
			buildPhases = (
				2F2D079A2AF0C09200FAB260 /* Sources */,
				2F2D079B2AF0C09200FAB260 /* Frameworks */,
				2F2D079C2AF0C09200FAB260 /* Resources */,
			);
			buildRules = (
			);
			dependencies = (
			);
			name = LazyAnimalGallery;
			productName = LazyAnimalGallery;
			productReference = 2F2D079E2AF0C09200FAB260 /* LazyAnimalGallery.app */;
			productType = "com.apple.product-type.application";
		};
/* End PBXNativeTarget section */

/* Begin PBXProject section */
		2F2D07962AF0C09200FAB260 /* Project object */ = {
			isa = PBXProject;
			attributes = {
				BuildIndependentTargetsInParallel = 1;
				LastSwiftUpdateCheck = 1430;
				LastUpgradeCheck = 1430;
				TargetAttributes = {
					2F2D079D2AF0C09200FAB260 = {
						CreatedOnToolsVersion = 14.3.1;
					};
				};
			};
			buildConfigurationList = 2F2D07992AF0C09200FAB260 /* Build configuration list for PBXProject "LazyAnimalGallery" */;
			compatibilityVersion = "Xcode 14.0";
			developmentRegion = en;
			hasScannedForEncodings = 0;
			knownRegions = (
				en,
				Base,
			);
			mainGroup = 2F2D07952AF0C09200FAB260;
			productRefGroup = 2F2D079F2AF0C09200FAB260 /* Products */;
			projectDirPath = "";
			projectRoot = "";
			targets = (
				2F2D079D2AF0C09200FAB260 /* LazyAnimalGallery */,
			);
		};
/* End PBXProject section */

/* Begin PBXResourcesBuildPhase section */
		2F2D079C2AF0C09200FAB260 /* Resources */ = {
			isa = PBXResourcesBuildPhase;
			buildActionMask = 2147483647;
			files = (
				2F2D07BB2AF0C14100FAB260 /* GalleryTableViewCell.xib in Resources */,
				2F2D07AB2AF0C09300FAB260 /* Assets.xcassets in Resources */,
				2FF223072AF66C280043FEC3 /* TableHeaderView.xib in Resources */,
				2F2D07A92AF0C09200FAB260 /* Main.storyboard in Resources */,
			);
			runOnlyForDeploymentPostprocessing = 0;
		};
/* End PBXResourcesBuildPhase section */

/* Begin PBXSourcesBuildPhase section */
		2F2D079A2AF0C09200FAB260 /* Sources */ = {
			isa = PBXSourcesBuildPhase;
			buildActionMask = 2147483647;
			files = (
				2F2D07BD2AF0C2FD00FAB260 /* AnimalResponse.swift in Sources */,
				2F2D07B72AF0C0B200FAB260 /* LazyImageView.swift in Sources */,
				2F2D07BF2AF0C4A200FAB260 /* AnimalResource.swift in Sources */,
				2F2D07A62AF0C09200FAB260 /* ViewController.swift in Sources */,
				2FF223052AF66C180043FEC3 /* TableHeaderView.swift in Sources */,
				2F2D07A22AF0C09200FAB260 /* AppDelegate.swift in Sources */,
				2F2D07BA2AF0C14100FAB260 /* GalleryTableViewCell.swift in Sources */,
				2F2D07A42AF0C09200FAB260 /* SceneDelegate.swift in Sources */,
			);
			runOnlyForDeploymentPostprocessing = 0;
		};
/* End PBXSourcesBuildPhase section */

/* Begin PBXVariantGroup section */
		2F2D07A72AF0C09200FAB260 /* Main.storyboard */ = {
			isa = PBXVariantGroup;
			children = (
				2F2D07A82AF0C09200FAB260 /* Base */,
			);
			name = Main.storyboard;
			sourceTree = "<group>";
		};
/* End PBXVariantGroup section */

/* Begin XCBuildConfiguration section */
		2F2D07B02AF0C09300FAB260 /* Debug */ = {
			isa = XCBuildConfiguration;
			buildSettings = {
				ALWAYS_SEARCH_USER_PATHS = NO;
				CLANG_ANALYZER_NONNULL = YES;
				CLANG_ANALYZER_NUMBER_OBJECT_CONVERSION = YES_AGGRESSIVE;
				CLANG_CXX_LANGUAGE_STANDARD = "gnu++20";
				CLANG_ENABLE_MODULES = YES;
				CLANG_ENABLE_OBJC_ARC = YES;
				CLANG_ENABLE_OBJC_WEAK = YES;
				CLANG_WARN_BLOCK_CAPTURE_AUTORELEASING = YES;
				CLANG_WARN_BOOL_CONVERSION = YES;
				CLANG_WARN_COMMA = YES;
				CLANG_WARN_CONSTANT_CONVERSION = YES;
				CLANG_WARN_DEPRECATED_OBJC_IMPLEMENTATIONS = YES;
				CLANG_WARN_DIRECT_OBJC_ISA_USAGE = YES_ERROR;
				CLANG_WARN_DOCUMENTATION_COMMENTS = YES;
				CLANG_WARN_EMPTY_BODY = YES;
				CLANG_WARN_ENUM_CONVERSION = YES;
				CLANG_WARN_INFINITE_RECURSION = YES;
				CLANG_WARN_INT_CONVERSION = YES;
				CLANG_WARN_NON_LITERAL_NULL_CONVERSION = YES;
				CLANG_WARN_OBJC_IMPLICIT_RETAIN_SELF = YES;
				CLANG_WARN_OBJC_LITERAL_CONVERSION = YES;
				CLANG_WARN_OBJC_ROOT_CLASS = YES_ERROR;
				CLANG_WARN_QUOTED_INCLUDE_IN_FRAMEWORK_HEADER = YES;
				CLANG_WARN_RANGE_LOOP_ANALYSIS = YES;
				CLANG_WARN_STRICT_PROTOTYPES = YES;
				CLANG_WARN_SUSPICIOUS_MOVE = YES;
				CLANG_WARN_UNGUARDED_AVAILABILITY = YES_AGGRESSIVE;
				CLANG_WARN_UNREACHABLE_CODE = YES;
				CLANG_WARN__DUPLICATE_METHOD_MATCH = YES;
				COPY_PHASE_STRIP = NO;
				DEBUG_INFORMATION_FORMAT = dwarf;
				ENABLE_STRICT_OBJC_MSGSEND = YES;
				ENABLE_TESTABILITY = YES;
				GCC_C_LANGUAGE_STANDARD = gnu11;
				GCC_DYNAMIC_NO_PIC = NO;
				GCC_NO_COMMON_BLOCKS = YES;
				GCC_OPTIMIZATION_LEVEL = 0;
				GCC_PREPROCESSOR_DEFINITIONS = (
					"DEBUG=1",
					"$(inherited)",
				);
				GCC_WARN_64_TO_32_BIT_CONVERSION = YES;
				GCC_WARN_ABOUT_RETURN_TYPE = YES_ERROR;
				GCC_WARN_UNDECLARED_SELECTOR = YES;
				GCC_WARN_UNINITIALIZED_AUTOS = YES_AGGRESSIVE;
				GCC_WARN_UNUSED_FUNCTION = YES;
				GCC_WARN_UNUSED_VARIABLE = YES;
				IPHONEOS_DEPLOYMENT_TARGET = 16.4;
				MTL_ENABLE_DEBUG_INFO = INCLUDE_SOURCE;
				MTL_FAST_MATH = YES;
				ONLY_ACTIVE_ARCH = YES;
				SDKROOT = iphoneos;
				SWIFT_ACTIVE_COMPILATION_CONDITIONS = DEBUG;
				SWIFT_OPTIMIZATION_LEVEL = "-Onone";
			};
			name = Debug;
		};
		2F2D07B12AF0C09300FAB260 /* Release */ = {
			isa = XCBuildConfiguration;
			buildSettings = {
				ALWAYS_SEARCH_USER_PATHS = NO;
				CLANG_ANALYZER_NONNULL = YES;
				CLANG_ANALYZER_NUMBER_OBJECT_CONVERSION = YES_AGGRESSIVE;
				CLANG_CXX_LANGUAGE_STANDARD = "gnu++20";
				CLANG_ENABLE_MODULES = YES;
				CLANG_ENABLE_OBJC_ARC = YES;
				CLANG_ENABLE_OBJC_WEAK = YES;
				CLANG_WARN_BLOCK_CAPTURE_AUTORELEASING = YES;
				CLANG_WARN_BOOL_CONVERSION = YES;
				CLANG_WARN_COMMA = YES;
				CLANG_WARN_CONSTANT_CONVERSION = YES;
				CLANG_WARN_DEPRECATED_OBJC_IMPLEMENTATIONS = YES;
				CLANG_WARN_DIRECT_OBJC_ISA_USAGE = YES_ERROR;
				CLANG_WARN_DOCUMENTATION_COMMENTS = YES;
				CLANG_WARN_EMPTY_BODY = YES;
				CLANG_WARN_ENUM_CONVERSION = YES;
				CLANG_WARN_INFINITE_RECURSION = YES;
				CLANG_WARN_INT_CONVERSION = YES;
				CLANG_WARN_NON_LITERAL_NULL_CONVERSION = YES;
				CLANG_WARN_OBJC_IMPLICIT_RETAIN_SELF = YES;
				CLANG_WARN_OBJC_LITERAL_CONVERSION = YES;
				CLANG_WARN_OBJC_ROOT_CLASS = YES_ERROR;
				CLANG_WARN_QUOTED_INCLUDE_IN_FRAMEWORK_HEADER = YES;
				CLANG_WARN_RANGE_LOOP_ANALYSIS = YES;
				CLANG_WARN_STRICT_PROTOTYPES = YES;
				CLANG_WARN_SUSPICIOUS_MOVE = YES;
				CLANG_WARN_UNGUARDED_AVAILABILITY = YES_AGGRESSIVE;
				CLANG_WARN_UNREACHABLE_CODE = YES;
				CLANG_WARN__DUPLICATE_METHOD_MATCH = YES;
				COPY_PHASE_STRIP = NO;
				DEBUG_INFORMATION_FORMAT = "dwarf-with-dsym";
				ENABLE_NS_ASSERTIONS = NO;
				ENABLE_STRICT_OBJC_MSGSEND = YES;
				GCC_C_LANGUAGE_STANDARD = gnu11;
				GCC_NO_COMMON_BLOCKS = YES;
				GCC_WARN_64_TO_32_BIT_CONVERSION = YES;
				GCC_WARN_ABOUT_RETURN_TYPE = YES_ERROR;
				GCC_WARN_UNDECLARED_SELECTOR = YES;
				GCC_WARN_UNINITIALIZED_AUTOS = YES_AGGRESSIVE;
				GCC_WARN_UNUSED_FUNCTION = YES;
				GCC_WARN_UNUSED_VARIABLE = YES;
				IPHONEOS_DEPLOYMENT_TARGET = 16.4;
				MTL_ENABLE_DEBUG_INFO = NO;
				MTL_FAST_MATH = YES;
				SDKROOT = iphoneos;
				SWIFT_COMPILATION_MODE = wholemodule;
				SWIFT_OPTIMIZATION_LEVEL = "-O";
				VALIDATE_PRODUCT = YES;
			};
			name = Release;
		};
		2F2D07B32AF0C09300FAB260 /* Debug */ = {
			isa = XCBuildConfiguration;
			buildSettings = {
				ASSETCATALOG_COMPILER_APPICON_NAME = AppIcon;
				ASSETCATALOG_COMPILER_GLOBAL_ACCENT_COLOR_NAME = AccentColor;
				CODE_SIGN_STYLE = Automatic;
				CURRENT_PROJECT_VERSION = 1;
				DEVELOPMENT_TEAM = QWLN8N2YHZ;
				GENERATE_INFOPLIST_FILE = YES;
				INFOPLIST_FILE = LazyAnimalGallery/Info.plist;
				INFOPLIST_KEY_UIApplicationSupportsIndirectInputEvents = YES;
				INFOPLIST_KEY_UILaunchStoryboardName = LaunchScreen;
				INFOPLIST_KEY_UIMainStoryboardFile = Main;
				INFOPLIST_KEY_UISupportedInterfaceOrientations_iPad = "UIInterfaceOrientationPortrait UIInterfaceOrientationPortraitUpsideDown UIInterfaceOrientationLandscapeLeft UIInterfaceOrientationLandscapeRight";
				INFOPLIST_KEY_UISupportedInterfaceOrientations_iPhone = "UIInterfaceOrientationPortrait UIInterfaceOrientationLandscapeLeft UIInterfaceOrientationLandscapeRight";
				LD_RUNPATH_SEARCH_PATHS = (
					"$(inherited)",
					"@executable_path/Frameworks",
				);
				MARKETING_VERSION = 1.0;
				PRODUCT_BUNDLE_IDENTIFIER = com.pranav.LazyAnimalGallery;
				PRODUCT_NAME = "$(TARGET_NAME)";
				SWIFT_EMIT_LOC_STRINGS = YES;
				SWIFT_VERSION = 5.0;
				TARGETED_DEVICE_FAMILY = "1,2";
			};
			name = Debug;
		};
		2F2D07B42AF0C09300FAB260 /* Release */ = {
			isa = XCBuildConfiguration;
			buildSettings = {
				ASSETCATALOG_COMPILER_APPICON_NAME = AppIcon;
				ASSETCATALOG_COMPILER_GLOBAL_ACCENT_COLOR_NAME = AccentColor;
				CODE_SIGN_STYLE = Automatic;
				CURRENT_PROJECT_VERSION = 1;
				DEVELOPMENT_TEAM = QWLN8N2YHZ;
				GENERATE_INFOPLIST_FILE = YES;
				INFOPLIST_FILE = LazyAnimalGallery/Info.plist;
				INFOPLIST_KEY_UIApplicationSupportsIndirectInputEvents = YES;
				INFOPLIST_KEY_UILaunchStoryboardName = LaunchScreen;
				INFOPLIST_KEY_UIMainStoryboardFile = Main;
				INFOPLIST_KEY_UISupportedInterfaceOrientations_iPad = "UIInterfaceOrientationPortrait UIInterfaceOrientationPortraitUpsideDown UIInterfaceOrientationLandscapeLeft UIInterfaceOrientationLandscapeRight";
				INFOPLIST_KEY_UISupportedInterfaceOrientations_iPhone = "UIInterfaceOrientationPortrait UIInterfaceOrientationLandscapeLeft UIInterfaceOrientationLandscapeRight";
				LD_RUNPATH_SEARCH_PATHS = (
					"$(inherited)",
					"@executable_path/Frameworks",
				);
				MARKETING_VERSION = 1.0;
				PRODUCT_BUNDLE_IDENTIFIER = com.pranav.LazyAnimalGallery;
				PRODUCT_NAME = "$(TARGET_NAME)";
				SWIFT_EMIT_LOC_STRINGS = YES;
				SWIFT_VERSION = 5.0;
				TARGETED_DEVICE_FAMILY = "1,2";
			};
			name = Release;
		};
/* End XCBuildConfiguration section */

/* Begin XCConfigurationList section */
		2F2D07992AF0C09200FAB260 /* Build configuration list for PBXProject "LazyAnimalGallery" */ = {
			isa = XCConfigurationList;
			buildConfigurations = (
				2F2D07B02AF0C09300FAB260 /* Debug */,
				2F2D07B12AF0C09300FAB260 /* Release */,
			);
			defaultConfigurationIsVisible = 0;
			defaultConfigurationName = Release;
		};
		2F2D07B22AF0C09300FAB260 /* Build configuration list for PBXNativeTarget "LazyAnimalGallery" */ = {
			isa = XCConfigurationList;
			buildConfigurations = (
				2F2D07B32AF0C09300FAB260 /* Debug */,
				2F2D07B42AF0C09300FAB260 /* Release */,
			);
			defaultConfigurationIsVisible = 0;
			defaultConfigurationName = Release;
		};
/* End XCConfigurationList section */
	};
	rootObject = 2F2D07962AF0C09200FAB260 /* Project object */;
}
